
Microsoft Visual Studio Solution File, Format Version 12.00
# Visual Studio Version 16
VisualStudioVersion = 16.0.29911.84
MinimumVisualStudioVersion = 10.0.40219.1
Project("{9A19103F-16F7-4668-BE54-9A1E7A4F7556}") = "Udemy_Primeiro", "Udemy_Primeiro\Udemy_Primeiro.csproj", "{DBF1ABAB-D152-4CDC-94ED-8A4174F41653}"
EndProject
Project("{FAE04EC0-301F-11D3-BF4B-00C04F79EFBC}") = "Cap5Udemy_Banco", "Cap5Udemy_Banco\Cap5Udemy_Banco.csproj", "{B7F63EE8-E783-4231-8990-878BED24DDD4}"
EndProject
Project("{FAE04EC0-301F-11D3-BF4B-00C04F79EFBC}") = "Cap6_Memoria_Arrays_Listas", "Cap6_Memoria_Arrays_Listas\Cap6_Memoria_Arrays_Listas.csproj", "{2FB247D6-69E3-4356-999D-66A6F5C8ED90}"
EndProject
Project("{FAE04EC0-301F-11D3-BF4B-00C04F79EFBC}") = "Cap7_Topicos_Especiais", "Cap7_Topicos_Especiais\Cap7_Topicos_Especiais.csproj", "{6CD58383-F2D8-4025-A7D1-8249041E2581}"
EndProject
Project("{FAE04EC0-301F-11D3-BF4B-00C04F79EFBC}") = "Cap9_Enum_Composicoes", "Cap9_Enum_Composicoes\Cap9_Enum_Composicoes.csproj", "{3A03AAE8-4BC1-4DBF-A85F-0397DF82211F}"
EndProject
Project("{FAE04EC0-301F-11D3-BF4B-00C04F79EFBC}") = "Cap9_Composicoes_Exercicio_01", "Cap9_Composicoes_Exercicio_01\Cap9_Composicoes_Exercicio_01.csproj", "{C2BE4AD1-C040-4848-AFF0-8246C5AF86A5}"
EndProject
Project("{FAE04EC0-301F-11D3-BF4B-00C04F79EFBC}") = "Cap9_Exercicio_02_StringBuilder", "Cap9_Exercicio_02_StringBuilder\Cap9_Exercicio_02_StringBuilder.csproj", "{D1176288-868D-46FD-A102-6CD6987086C9}"
EndProject
Project("{FAE04EC0-301F-11D3-BF4B-00C04F79EFBC}") = "Cap9_Exercicio03_Enum_Composicoes", "Cap9_Exercicio03_Enum_Composicoes\Cap9_Exercicio03_Enum_Composicoes.csproj", "{5E93AADA-99B9-412B-A212-EB27CE67EA30}"
EndProject
Project("{FAE04EC0-301F-11D3-BF4B-00C04F79EFBC}") = "Cap10_Heranca_01", "Cap10_Heranca_01\Cap10_Heranca_01.csproj", "{711F4005-9F35-4AD3-8E24-9C44AD3FCD48}"
EndProject
Global
	GlobalSection(SolutionConfigurationPlatforms) = preSolution
		Debug|Any CPU = Debug|Any CPU
		Release|Any CPU = Release|Any CPU
	EndGlobalSection
	GlobalSection(ProjectConfigurationPlatforms) = postSolution
		{DBF1ABAB-D152-4CDC-94ED-8A4174F41653}.Debug|Any CPU.ActiveCfg = Debug|Any CPU
		{DBF1ABAB-D152-4CDC-94ED-8A4174F41653}.Debug|Any CPU.Build.0 = Debug|Any CPU
		{DBF1ABAB-D152-4CDC-94ED-8A4174F41653}.Release|Any CPU.ActiveCfg = Release|Any CPU
		{DBF1ABAB-D152-4CDC-94ED-8A4174F41653}.Release|Any CPU.Build.0 = Release|Any CPU
		{B7F63EE8-E783-4231-8990-878BED24DDD4}.Debug|Any CPU.ActiveCfg = Debug|Any CPU
		{B7F63EE8-E783-4231-8990-878BED24DDD4}.Debug|Any CPU.Build.0 = Debug|Any CPU
		{B7F63EE8-E783-4231-8990-878BED24DDD4}.Release|Any CPU.ActiveCfg = Release|Any CPU
		{B7F63EE8-E783-4231-8990-878BED24DDD4}.Release|Any CPU.Build.0 = Release|Any CPU
		{2FB247D6-69E3-4356-999D-66A6F5C8ED90}.Debug|Any CPU.ActiveCfg = Debug|Any CPU
		{2FB247D6-69E3-4356-999D-66A6F5C8ED90}.Debug|Any CPU.Build.0 = Debug|Any CPU
		{2FB247D6-69E3-4356-999D-66A6F5C8ED90}.Release|Any CPU.ActiveCfg = Release|Any CPU
		{2FB247D6-69E3-4356-999D-66A6F5C8ED90}.Release|Any CPU.Build.0 = Release|Any CPU
		{6CD58383-F2D8-4025-A7D1-8249041E2581}.Debug|Any CPU.ActiveCfg = Debug|Any CPU
		{6CD58383-F2D8-4025-A7D1-8249041E2581}.Debug|Any CPU.Build.0 = Debug|Any CPU
		{6CD58383-F2D8-4025-A7D1-8249041E2581}.Release|Any CPU.ActiveCfg = Release|Any CPU
		{6CD58383-F2D8-4025-A7D1-8249041E2581}.Release|Any CPU.Build.0 = Release|Any CPU
		{3A03AAE8-4BC1-4DBF-A85F-0397DF82211F}.Debug|Any CPU.ActiveCfg = Debug|Any CPU
		{3A03AAE8-4BC1-4DBF-A85F-0397DF82211F}.Debug|Any CPU.Build.0 = Debug|Any CPU
		{3A03AAE8-4BC1-4DBF-A85F-0397DF82211F}.Release|Any CPU.ActiveCfg = Release|Any CPU
		{3A03AAE8-4BC1-4DBF-A85F-0397DF82211F}.Release|Any CPU.Build.0 = Release|Any CPU
		{C2BE4AD1-C040-4848-AFF0-8246C5AF86A5}.Debug|Any CPU.ActiveCfg = Debug|Any CPU
		{C2BE4AD1-C040-4848-AFF0-8246C5AF86A5}.Debug|Any CPU.Build.0 = Debug|Any CPU
		{C2BE4AD1-C040-4848-AFF0-8246C5AF86A5}.Release|Any CPU.ActiveCfg = Release|Any CPU
		{C2BE4AD1-C040-4848-AFF0-8246C5AF86A5}.Release|Any CPU.Build.0 = Release|Any CPU
		{D1176288-868D-46FD-A102-6CD6987086C9}.Debug|Any CPU.ActiveCfg = Debug|Any CPU
		{D1176288-868D-46FD-A102-6CD6987086C9}.Debug|Any CPU.Build.0 = Debug|Any CPU
		{D1176288-868D-46FD-A102-6CD6987086C9}.Release|Any CPU.ActiveCfg = Release|Any CPU
		{D1176288-868D-46FD-A102-6CD6987086C9}.Release|Any CPU.Build.0 = Release|Any CPU
		{5E93AADA-99B9-412B-A212-EB27CE67EA30}.Debug|Any CPU.ActiveCfg = Debug|Any CPU
		{5E93AADA-99B9-412B-A212-EB27CE67EA30}.Debug|Any CPU.Build.0 = Debug|Any CPU
		{5E93AADA-99B9-412B-A212-EB27CE67EA30}.Release|Any CPU.ActiveCfg = Release|Any CPU
		{5E93AADA-99B9-412B-A212-EB27CE67EA30}.Release|Any CPU.Build.0 = Release|Any CPU
		{711F4005-9F35-4AD3-8E24-9C44AD3FCD48}.Debug|Any CPU.ActiveCfg = Debug|Any CPU
		{711F4005-9F35-4AD3-8E24-9C44AD3FCD48}.Debug|Any CPU.Build.0 = Debug|Any CPU
		{711F4005-9F35-4AD3-8E24-9C44AD3FCD48}.Release|Any CPU.ActiveCfg = Release|Any CPU
		{711F4005-9F35-4AD3-8E24-9C44AD3FCD48}.Release|Any CPU.Build.0 = Release|Any CPU
	EndGlobalSection
	GlobalSection(SolutionProperties) = preSolution
		HideSolutionNode = FALSE
	EndGlobalSection
	GlobalSection(ExtensibilityGlobals) = postSolution
		SolutionGuid = {56CF8C29-165A-4E90-8F4D-20ABAC60E8F0}
	EndGlobalSection
EndGlobal
